// !$*UTF8*$!
{
	archiveVersion = 1;
	classes = {
	};
	objectVersion = 77;
	objects = {

/* Begin PBXBuildFile section */
		1CA1490D2E915DDE0058B874 /* LCARSComponents in Frameworks */ = {isa = PBXBuildFile; productRef = 1CA1490C2E915DDE0058B874 /* LCARSComponents */; };
/* End PBXBuildFile section */

/* Begin PBXContainerItemProxy section */
		1C674AAF2E8FFA1D0024FD47 /* PBXContainerItemProxy */ = {
			isa = PBXContainerItemProxy;
			containerPortal = 1C674A992E8FFA1B0024FD47 /* Project object */;
			proxyType = 1;
			remoteGlobalIDString = 1C674AA02E8FFA1B0024FD47;
			remoteInfo = Subspace;
		};
		1C674AB92E8FFA1D0024FD47 /* PBXContainerItemProxy */ = {
			isa = PBXContainerItemProxy;
			containerPortal = 1C674A992E8FFA1B0024FD47 /* Project object */;
			proxyType = 1;
			remoteGlobalIDString = 1C674AA02E8FFA1B0024FD47;
			remoteInfo = Subspace;
		};
		1CA148BF2E9153A40058B874 /* PBXContainerItemProxy */ = {
			isa = PBXContainerItemProxy;
			containerPortal = 1C674A992E8FFA1B0024FD47 /* Project object */;
			proxyType = 1;
			remoteGlobalIDString = 1CA148B12E9153A30058B874;
			remoteInfo = ComponentLibrary;
		};
		1CA148C92E9153A40058B874 /* PBXContainerItemProxy */ = {
			isa = PBXContainerItemProxy;
			containerPortal = 1C674A992E8FFA1B0024FD47 /* Project object */;
			proxyType = 1;
			remoteGlobalIDString = 1CA148B12E9153A30058B874;
			remoteInfo = ComponentLibrary;
		};
/* End PBXContainerItemProxy section */

/* Begin PBXFileReference section */
		1C674AA12E8FFA1B0024FD47 /* Subspace.app */ = {isa = PBXFileReference; explicitFileType = wrapper.application; includeInIndex = 0; path = Subspace.app; sourceTree = BUILT_PRODUCTS_DIR; };
		1C674AAE2E8FFA1D0024FD47 /* SubspaceTests.xctest */ = {isa = PBXFileReference; explicitFileType = wrapper.cfbundle; includeInIndex = 0; path = SubspaceTests.xctest; sourceTree = BUILT_PRODUCTS_DIR; };
		1C674AB82E8FFA1D0024FD47 /* SubspaceUITests.xctest */ = {isa = PBXFileReference; explicitFileType = wrapper.cfbundle; includeInIndex = 0; path = SubspaceUITests.xctest; sourceTree = BUILT_PRODUCTS_DIR; };
		1CA148B22E9153A30058B874 /* ComponentLibrary.app */ = {isa = PBXFileReference; explicitFileType = wrapper.application; includeInIndex = 0; path = ComponentLibrary.app; sourceTree = BUILT_PRODUCTS_DIR; };
		1CA148BE2E9153A40058B874 /* ComponentLibraryTests.xctest */ = {isa = PBXFileReference; explicitFileType = wrapper.cfbundle; includeInIndex = 0; path = ComponentLibraryTests.xctest; sourceTree = BUILT_PRODUCTS_DIR; };
		1CA148C82E9153A40058B874 /* ComponentLibraryUITests.xctest */ = {isa = PBXFileReference; explicitFileType = wrapper.cfbundle; includeInIndex = 0; path = ComponentLibraryUITests.xctest; sourceTree = BUILT_PRODUCTS_DIR; };
/* End PBXFileReference section */

/* Begin PBXFileSystemSynchronizedRootGroup section */
		1C674AA32E8FFA1B0024FD47 /* Subspace */ = {
			isa = PBXFileSystemSynchronizedRootGroup;
			path = Subspace;
			sourceTree = "<group>";
		};
		1C674AB12E8FFA1D0024FD47 /* SubspaceTests */ = {
			isa = PBXFileSystemSynchronizedRootGroup;
			path = SubspaceTests;
			sourceTree = "<group>";
		};
		1C674ABB2E8FFA1D0024FD47 /* SubspaceUITests */ = {
			isa = PBXFileSystemSynchronizedRootGroup;
			path = SubspaceUITests;
			sourceTree = "<group>";
		};
		1CA148B32E9153A30058B874 /* ComponentLibrary */ = {
			isa = PBXFileSystemSynchronizedRootGroup;
			path = ComponentLibrary;
			sourceTree = "<group>";
		};
		1CA148C12E9153A40058B874 /* ComponentLibraryTests */ = {
			isa = PBXFileSystemSynchronizedRootGroup;
			path = ComponentLibraryTests;
			sourceTree = "<group>";
		};
		1CA148CB2E9153A40058B874 /* ComponentLibraryUITests */ = {
			isa = PBXFileSystemSynchronizedRootGroup;
			path = ComponentLibraryUITests;
			sourceTree = "<group>";
		};
/* End PBXFileSystemSynchronizedRootGroup section */

/* Begin PBXFrameworksBuildPhase section */
		1C674A9E2E8FFA1B0024FD47 /* Frameworks */ = {
			isa = PBXFrameworksBuildPhase;
			buildActionMask = 2147483647;
			files = (
				1CA1490D2E915DDE0058B874 /* LCARSComponents in Frameworks */,
			);
			runOnlyForDeploymentPostprocessing = 0;
		};
		1C674AAB2E8FFA1D0024FD47 /* Frameworks */ = {
			isa = PBXFrameworksBuildPhase;
			buildActionMask = 2147483647;
			files = (
			);
			runOnlyForDeploymentPostprocessing = 0;
		};
		1C674AB52E8FFA1D0024FD47 /* Frameworks */ = {
			isa = PBXFrameworksBuildPhase;
			buildActionMask = 2147483647;
			files = (
			);
			runOnlyForDeploymentPostprocessing = 0;
		};
		1CA148AF2E9153A30058B874 /* Frameworks */ = {
			isa = PBXFrameworksBuildPhase;
			buildActionMask = 2147483647;
			files = (
			);
			runOnlyForDeploymentPostprocessing = 0;
		};
		1CA148BB2E9153A40058B874 /* Frameworks */ = {
			isa = PBXFrameworksBuildPhase;
			buildActionMask = 2147483647;
			files = (
			);
			runOnlyForDeploymentPostprocessing = 0;
		};
		1CA148C52E9153A40058B874 /* Frameworks */ = {
			isa = PBXFrameworksBuildPhase;
			buildActionMask = 2147483647;
			files = (
			);
			runOnlyForDeploymentPostprocessing = 0;
		};
/* End PBXFrameworksBuildPhase section */

/* Begin PBXGroup section */
		1C674A982E8FFA1B0024FD47 = {
			isa = PBXGroup;
			children = (
				1C674AA32E8FFA1B0024FD47 /* Subspace */,
				1C674AB12E8FFA1D0024FD47 /* SubspaceTests */,
				1C674ABB2E8FFA1D0024FD47 /* SubspaceUITests */,
				1CA148B32E9153A30058B874 /* ComponentLibrary */,
				1CA148C12E9153A40058B874 /* ComponentLibraryTests */,
				1CA148CB2E9153A40058B874 /* ComponentLibraryUITests */,
				1CA1490B2E915DDE0058B874 /* Frameworks */,
				1C674AA22E8FFA1B0024FD47 /* Products */,
			);
			sourceTree = "<group>";
		};
		1C674AA22E8FFA1B0024FD47 /* Products */ = {
			isa = PBXGroup;
			children = (
				1C674AA12E8FFA1B0024FD47 /* Subspace.app */,
				1C674AAE2E8FFA1D0024FD47 /* SubspaceTests.xctest */,
				1C674AB82E8FFA1D0024FD47 /* SubspaceUITests.xctest */,
				1CA148B22E9153A30058B874 /* ComponentLibrary.app */,
				1CA148BE2E9153A40058B874 /* ComponentLibraryTests.xctest */,
				1CA148C82E9153A40058B874 /* ComponentLibraryUITests.xctest */,
			);
			name = Products;
			sourceTree = "<group>";
		};
		1CA1490B2E915DDE0058B874 /* Frameworks */ = {
			isa = PBXGroup;
			children = (
			);
			name = Frameworks;
			sourceTree = "<group>";
		};
/* End PBXGroup section */

/* Begin PBXNativeTarget section */
		1C674AA02E8FFA1B0024FD47 /* Subspace */ = {
			isa = PBXNativeTarget;
			buildConfigurationList = 1C674AC22E8FFA1D0024FD47 /* Build configuration list for PBXNativeTarget "Subspace" */;
			buildPhases = (
				1C674A9D2E8FFA1B0024FD47 /* Sources */,
				1C674A9E2E8FFA1B0024FD47 /* Frameworks */,
				1C674A9F2E8FFA1B0024FD47 /* Resources */,
			);
			buildRules = (
			);
			dependencies = (
			);
			fileSystemSynchronizedGroups = (
				1C674AA32E8FFA1B0024FD47 /* Subspace */,
			);
			name = Subspace;
			packageProductDependencies = (
				1CA1490C2E915DDE0058B874 /* LCARSComponents */,
			);
			productName = Subspace;
			productReference = 1C674AA12E8FFA1B0024FD47 /* Subspace.app */;
			productType = "com.apple.product-type.application";
		};
		1C674AAD2E8FFA1D0024FD47 /* SubspaceTests */ = {
			isa = PBXNativeTarget;
			buildConfigurationList = 1C674AC52E8FFA1D0024FD47 /* Build configuration list for PBXNativeTarget "SubspaceTests" */;
			buildPhases = (
				1C674AAA2E8FFA1D0024FD47 /* Sources */,
				1C674AAB2E8FFA1D0024FD47 /* Frameworks */,
				1C674AAC2E8FFA1D0024FD47 /* Resources */,
			);
			buildRules = (
			);
			dependencies = (
				1C674AB02E8FFA1D0024FD47 /* PBXTargetDependency */,
			);
			fileSystemSynchronizedGroups = (
				1C674AB12E8FFA1D0024FD47 /* SubspaceTests */,
			);
			name = SubspaceTests;
			packageProductDependencies = (
			);
			productName = SubspaceTests;
			productReference = 1C674AAE2E8FFA1D0024FD47 /* SubspaceTests.xctest */;
			productType = "com.apple.product-type.bundle.unit-test";
		};
		1C674AB72E8FFA1D0024FD47 /* SubspaceUITests */ = {
			isa = PBXNativeTarget;
			buildConfigurationList = 1C674AC82E8FFA1D0024FD47 /* Build configuration list for PBXNativeTarget "SubspaceUITests" */;
			buildPhases = (
				1C674AB42E8FFA1D0024FD47 /* Sources */,
				1C674AB52E8FFA1D0024FD47 /* Frameworks */,
				1C674AB62E8FFA1D0024FD47 /* Resources */,
			);
			buildRules = (
			);
			dependencies = (
				1C674ABA2E8FFA1D0024FD47 /* PBXTargetDependency */,
			);
			fileSystemSynchronizedGroups = (
				1C674ABB2E8FFA1D0024FD47 /* SubspaceUITests */,
			);
			name = SubspaceUITests;
			packageProductDependencies = (
			);
			productName = SubspaceUITests;
			productReference = 1C674AB82E8FFA1D0024FD47 /* SubspaceUITests.xctest */;
			productType = "com.apple.product-type.bundle.ui-testing";
		};
		1CA148B12E9153A30058B874 /* ComponentLibrary */ = {
			isa = PBXNativeTarget;
			buildConfigurationList = 1CA148D02E9153A40058B874 /* Build configuration list for PBXNativeTarget "ComponentLibrary" */;
			buildPhases = (
				1CA148AE2E9153A30058B874 /* Sources */,
				1CA148AF2E9153A30058B874 /* Frameworks */,
				1CA148B02E9153A30058B874 /* Resources */,
			);
			buildRules = (
			);
			dependencies = (
			);
			fileSystemSynchronizedGroups = (
				1CA148B32E9153A30058B874 /* ComponentLibrary */,
			);
			name = ComponentLibrary;
			packageProductDependencies = (
			);
			productName = ComponentLibrary;
			productReference = 1CA148B22E9153A30058B874 /* ComponentLibrary.app */;
			productType = "com.apple.product-type.application";
		};
		1CA148BD2E9153A40058B874 /* ComponentLibraryTests */ = {
			isa = PBXNativeTarget;
			buildConfigurationList = 1CA148D32E9153A40058B874 /* Build configuration list for PBXNativeTarget "ComponentLibraryTests" */;
			buildPhases = (
				1CA148BA2E9153A40058B874 /* Sources */,
				1CA148BB2E9153A40058B874 /* Frameworks */,
				1CA148BC2E9153A40058B874 /* Resources */,
			);
			buildRules = (
			);
			dependencies = (
				1CA148C02E9153A40058B874 /* PBXTargetDependency */,
			);
			fileSystemSynchronizedGroups = (
				1CA148C12E9153A40058B874 /* ComponentLibraryTests */,
			);
			name = ComponentLibraryTests;
			packageProductDependencies = (
			);
			productName = ComponentLibraryTests;
			productReference = 1CA148BE2E9153A40058B874 /* ComponentLibraryTests.xctest */;
			productType = "com.apple.product-type.bundle.unit-test";
		};
		1CA148C72E9153A40058B874 /* ComponentLibraryUITests */ = {
			isa = PBXNativeTarget;
			buildConfigurationList = 1CA148D62E9153A40058B874 /* Build configuration list for PBXNativeTarget "ComponentLibraryUITests" */;
			buildPhases = (
				1CA148C42E9153A40058B874 /* Sources */,
				1CA148C52E9153A40058B874 /* Frameworks */,
				1CA148C62E9153A40058B874 /* Resources */,
			);
			buildRules = (
			);
			dependencies = (
				1CA148CA2E9153A40058B874 /* PBXTargetDependency */,
			);
			fileSystemSynchronizedGroups = (
				1CA148CB2E9153A40058B874 /* ComponentLibraryUITests */,
			);
			name = ComponentLibraryUITests;
			packageProductDependencies = (
			);
			productName = ComponentLibraryUITests;
			productReference = 1CA148C82E9153A40058B874 /* ComponentLibraryUITests.xctest */;
			productType = "com.apple.product-type.bundle.ui-testing";
		};
/* End PBXNativeTarget section */

/* Begin PBXProject section */
		1C674A992E8FFA1B0024FD47 /* Project object */ = {
			isa = PBXProject;
			attributes = {
				BuildIndependentTargetsInParallel = 1;
				LastSwiftUpdateCheck = 2600;
				LastUpgradeCheck = 2600;
				TargetAttributes = {
					1C674AA02E8FFA1B0024FD47 = {
						CreatedOnToolsVersion = 26.0.1;
					};
					1C674AAD2E8FFA1D0024FD47 = {
						CreatedOnToolsVersion = 26.0.1;
						TestTargetID = 1C674AA02E8FFA1B0024FD47;
					};
					1C674AB72E8FFA1D0024FD47 = {
						CreatedOnToolsVersion = 26.0.1;
						TestTargetID = 1C674AA02E8FFA1B0024FD47;
					};
					1CA148B12E9153A30058B874 = {
						CreatedOnToolsVersion = 26.0.1;
					};
					1CA148BD2E9153A40058B874 = {
						CreatedOnToolsVersion = 26.0.1;
						TestTargetID = 1CA148B12E9153A30058B874;
					};
					1CA148C72E9153A40058B874 = {
						CreatedOnToolsVersion = 26.0.1;
						TestTargetID = 1CA148B12E9153A30058B874;
					};
				};
			};
			buildConfigurationList = 1C674A9C2E8FFA1B0024FD47 /* Build configuration list for PBXProject "Subspace" */;
			developmentRegion = en;
			hasScannedForEncodings = 0;
			knownRegions = (
				en,
				Base,
			);
			mainGroup = 1C674A982E8FFA1B0024FD47;
			minimizedProjectReferenceProxies = 1;
			packageReferences = (
				1CA149082E915CE60058B874 /* XCLocalSwiftPackageReference "LCARSComponents" */,
			);
			preferredProjectObjectVersion = 77;
			productRefGroup = 1C674AA22E8FFA1B0024FD47 /* Products */;
			projectDirPath = "";
			projectRoot = "";
			targets = (
				1C674AA02E8FFA1B0024FD47 /* Subspace */,
				1C674AAD2E8FFA1D0024FD47 /* SubspaceTests */,
				1C674AB72E8FFA1D0024FD47 /* SubspaceUITests */,
				1CA148B12E9153A30058B874 /* ComponentLibrary */,
				1CA148BD2E9153A40058B874 /* ComponentLibraryTests */,
				1CA148C72E9153A40058B874 /* ComponentLibraryUITests */,
			);
		};
/* End PBXProject section */

/* Begin PBXResourcesBuildPhase section */
		1C674A9F2E8FFA1B0024FD47 /* Resources */ = {
			isa = PBXResourcesBuildPhase;
			buildActionMask = 2147483647;
			files = (
			);
			runOnlyForDeploymentPostprocessing = 0;
		};
		1C674AAC2E8FFA1D0024FD47 /* Resources */ = {
			isa = PBXResourcesBuildPhase;
			buildActionMask = 2147483647;
			files = (
			);
			runOnlyForDeploymentPostprocessing = 0;
		};
		1C674AB62E8FFA1D0024FD47 /* Resources */ = {
			isa = PBXResourcesBuildPhase;
			buildActionMask = 2147483647;
			files = (
			);
			runOnlyForDeploymentPostprocessing = 0;
		};
		1CA148B02E9153A30058B874 /* Resources */ = {
			isa = PBXResourcesBuildPhase;
			buildActionMask = 2147483647;
			files = (
			);
			runOnlyForDeploymentPostprocessing = 0;
		};
		1CA148BC2E9153A40058B874 /* Resources */ = {
			isa = PBXResourcesBuildPhase;
			buildActionMask = 2147483647;
			files = (
			);
			runOnlyForDeploymentPostprocessing = 0;
		};
		1CA148C62E9153A40058B874 /* Resources */ = {
			isa = PBXResourcesBuildPhase;
			buildActionMask = 2147483647;
			files = (
			);
			runOnlyForDeploymentPostprocessing = 0;
		};
/* End PBXResourcesBuildPhase section */

/* Begin PBXSourcesBuildPhase section */
		1C674A9D2E8FFA1B0024FD47 /* Sources */ = {
			isa = PBXSourcesBuildPhase;
			buildActionMask = 2147483647;
			files = (
			);
			runOnlyForDeploymentPostprocessing = 0;
		};
		1C674AAA2E8FFA1D0024FD47 /* Sources */ = {
			isa = PBXSourcesBuildPhase;
			buildActionMask = 2147483647;
			files = (
			);
			runOnlyForDeploymentPostprocessing = 0;
		};
		1C674AB42E8FFA1D0024FD47 /* Sources */ = {
			isa = PBXSourcesBuildPhase;
			buildActionMask = 2147483647;
			files = (
			);
			runOnlyForDeploymentPostprocessing = 0;
		};
		1CA148AE2E9153A30058B874 /* Sources */ = {
			isa = PBXSourcesBuildPhase;
			buildActionMask = 2147483647;
			files = (
			);
			runOnlyForDeploymentPostprocessing = 0;
		};
		1CA148BA2E9153A40058B874 /* Sources */ = {
			isa = PBXSourcesBuildPhase;
			buildActionMask = 2147483647;
			files = (
			);
			runOnlyForDeploymentPostprocessing = 0;
		};
		1CA148C42E9153A40058B874 /* Sources */ = {
			isa = PBXSourcesBuildPhase;
			buildActionMask = 2147483647;
			files = (
			);
			runOnlyForDeploymentPostprocessing = 0;
		};
/* End PBXSourcesBuildPhase section */

/* Begin PBXTargetDependency section */
		1C674AB02E8FFA1D0024FD47 /* PBXTargetDependency */ = {
			isa = PBXTargetDependency;
			target = 1C674AA02E8FFA1B0024FD47 /* Subspace */;
			targetProxy = 1C674AAF2E8FFA1D0024FD47 /* PBXContainerItemProxy */;
		};
		1C674ABA2E8FFA1D0024FD47 /* PBXTargetDependency */ = {
			isa = PBXTargetDependency;
			target = 1C674AA02E8FFA1B0024FD47 /* Subspace */;
			targetProxy = 1C674AB92E8FFA1D0024FD47 /* PBXContainerItemProxy */;
		};
		1CA148C02E9153A40058B874 /* PBXTargetDependency */ = {
			isa = PBXTargetDependency;
			target = 1CA148B12E9153A30058B874 /* ComponentLibrary */;
			targetProxy = 1CA148BF2E9153A40058B874 /* PBXContainerItemProxy */;
		};
		1CA148CA2E9153A40058B874 /* PBXTargetDependency */ = {
			isa = PBXTargetDependency;
			target = 1CA148B12E9153A30058B874 /* ComponentLibrary */;
			targetProxy = 1CA148C92E9153A40058B874 /* PBXContainerItemProxy */;
		};
/* End PBXTargetDependency section */

/* Begin XCBuildConfiguration section */
		1C674AC02E8FFA1D0024FD47 /* Debug */ = {
			isa = XCBuildConfiguration;
			buildSettings = {
				ALWAYS_SEARCH_USER_PATHS = NO;
				ASSETCATALOG_COMPILER_GENERATE_SWIFT_ASSET_SYMBOL_EXTENSIONS = YES;
				CLANG_ANALYZER_NONNULL = YES;
				CLANG_ANALYZER_NUMBER_OBJECT_CONVERSION = YES_AGGRESSIVE;
				CLANG_CXX_LANGUAGE_STANDARD = "gnu++20";
				CLANG_ENABLE_MODULES = YES;
				CLANG_ENABLE_OBJC_ARC = YES;
				CLANG_ENABLE_OBJC_WEAK = YES;
				CLANG_WARN_BLOCK_CAPTURE_AUTORELEASING = YES;
				CLANG_WARN_BOOL_CONVERSION = YES;
				CLANG_WARN_COMMA = YES;
				CLANG_WARN_CONSTANT_CONVERSION = YES;
				CLANG_WARN_DEPRECATED_OBJC_IMPLEMENTATIONS = YES;
				CLANG_WARN_DIRECT_OBJC_ISA_USAGE = YES_ERROR;
				CLANG_WARN_DOCUMENTATION_COMMENTS = YES;
				CLANG_WARN_EMPTY_BODY = YES;
				CLANG_WARN_ENUM_CONVERSION = YES;
				CLANG_WARN_INFINITE_RECURSION = YES;
				CLANG_WARN_INT_CONVERSION = YES;
				CLANG_WARN_NON_LITERAL_NULL_CONVERSION = YES;
				CLANG_WARN_OBJC_IMPLICIT_RETAIN_SELF = YES;
				CLANG_WARN_OBJC_LITERAL_CONVERSION = YES;
				CLANG_WARN_OBJC_ROOT_CLASS = YES_ERROR;
				CLANG_WARN_QUOTED_INCLUDE_IN_FRAMEWORK_HEADER = YES;
				CLANG_WARN_RANGE_LOOP_ANALYSIS = YES;
				CLANG_WARN_STRICT_PROTOTYPES = YES;
				CLANG_WARN_SUSPICIOUS_MOVE = YES;
				CLANG_WARN_UNGUARDED_AVAILABILITY = YES_AGGRESSIVE;
				CLANG_WARN_UNREACHABLE_CODE = YES;
				CLANG_WARN__DUPLICATE_METHOD_MATCH = YES;
				COPY_PHASE_STRIP = NO;
				DEBUG_INFORMATION_FORMAT = dwarf;
				DEVELOPMENT_TEAM = SRT47ZQ7D8;
				ENABLE_STRICT_OBJC_MSGSEND = YES;
				ENABLE_TESTABILITY = YES;
				ENABLE_USER_SCRIPT_SANDBOXING = YES;
				GCC_C_LANGUAGE_STANDARD = gnu17;
				GCC_DYNAMIC_NO_PIC = NO;
				GCC_NO_COMMON_BLOCKS = YES;
				GCC_OPTIMIZATION_LEVEL = 0;
				GCC_PREPROCESSOR_DEFINITIONS = (
					"DEBUG=1",
					"$(inherited)",
				);
				GCC_WARN_64_TO_32_BIT_CONVERSION = YES;
				GCC_WARN_ABOUT_RETURN_TYPE = YES_ERROR;
				GCC_WARN_UNDECLARED_SELECTOR = YES;
				GCC_WARN_UNINITIALIZED_AUTOS = YES_AGGRESSIVE;
				GCC_WARN_UNUSED_FUNCTION = YES;
				GCC_WARN_UNUSED_VARIABLE = YES;
				IPHONEOS_DEPLOYMENT_TARGET = 26.0;
				LOCALIZATION_PREFERS_STRING_CATALOGS = YES;
				MTL_ENABLE_DEBUG_INFO = INCLUDE_SOURCE;
				MTL_FAST_MATH = YES;
				ONLY_ACTIVE_ARCH = YES;
				SDKROOT = iphoneos;
				SWIFT_ACTIVE_COMPILATION_CONDITIONS = "DEBUG $(inherited)";
				SWIFT_OPTIMIZATION_LEVEL = "-Onone";
			};
			name = Debug;
		};
		1C674AC12E8FFA1D0024FD47 /* Release */ = {
			isa = XCBuildConfiguration;
			buildSettings = {
				ALWAYS_SEARCH_USER_PATHS = NO;
				ASSETCATALOG_COMPILER_GENERATE_SWIFT_ASSET_SYMBOL_EXTENSIONS = YES;
				CLANG_ANALYZER_NONNULL = YES;
				CLANG_ANALYZER_NUMBER_OBJECT_CONVERSION = YES_AGGRESSIVE;
				CLANG_CXX_LANGUAGE_STANDARD = "gnu++20";
				CLANG_ENABLE_MODULES = YES;
				CLANG_ENABLE_OBJC_ARC = YES;
				CLANG_ENABLE_OBJC_WEAK = YES;
				CLANG_WARN_BLOCK_CAPTURE_AUTORELEASING = YES;
				CLANG_WARN_BOOL_CONVERSION = YES;
				CLANG_WARN_COMMA = YES;
				CLANG_WARN_CONSTANT_CONVERSION = YES;
				CLANG_WARN_DEPRECATED_OBJC_IMPLEMENTATIONS = YES;
				CLANG_WARN_DIRECT_OBJC_ISA_USAGE = YES_ERROR;
				CLANG_WARN_DOCUMENTATION_COMMENTS = YES;
				CLANG_WARN_EMPTY_BODY = YES;
				CLANG_WARN_ENUM_CONVERSION = YES;
				CLANG_WARN_INFINITE_RECURSION = YES;
				CLANG_WARN_INT_CONVERSION = YES;
				CLANG_WARN_NON_LITERAL_NULL_CONVERSION = YES;
				CLANG_WARN_OBJC_IMPLICIT_RETAIN_SELF = YES;
				CLANG_WARN_OBJC_LITERAL_CONVERSION = YES;
				CLANG_WARN_OBJC_ROOT_CLASS = YES_ERROR;
				CLANG_WARN_QUOTED_INCLUDE_IN_FRAMEWORK_HEADER = YES;
				CLANG_WARN_RANGE_LOOP_ANALYSIS = YES;
				CLANG_WARN_STRICT_PROTOTYPES = YES;
				CLANG_WARN_SUSPICIOUS_MOVE = YES;
				CLANG_WARN_UNGUARDED_AVAILABILITY = YES_AGGRESSIVE;
				CLANG_WARN_UNREACHABLE_CODE = YES;
				CLANG_WARN__DUPLICATE_METHOD_MATCH = YES;
				COPY_PHASE_STRIP = NO;
				DEBUG_INFORMATION_FORMAT = "dwarf-with-dsym";
				DEVELOPMENT_TEAM = SRT47ZQ7D8;
				ENABLE_NS_ASSERTIONS = NO;
				ENABLE_STRICT_OBJC_MSGSEND = YES;
				ENABLE_USER_SCRIPT_SANDBOXING = YES;
				GCC_C_LANGUAGE_STANDARD = gnu17;
				GCC_NO_COMMON_BLOCKS = YES;
				GCC_WARN_64_TO_32_BIT_CONVERSION = YES;
				GCC_WARN_ABOUT_RETURN_TYPE = YES_ERROR;
				GCC_WARN_UNDECLARED_SELECTOR = YES;
				GCC_WARN_UNINITIALIZED_AUTOS = YES_AGGRESSIVE;
				GCC_WARN_UNUSED_FUNCTION = YES;
				GCC_WARN_UNUSED_VARIABLE = YES;
				IPHONEOS_DEPLOYMENT_TARGET = 26.0;
				LOCALIZATION_PREFERS_STRING_CATALOGS = YES;
				MTL_ENABLE_DEBUG_INFO = NO;
				MTL_FAST_MATH = YES;
				SDKROOT = iphoneos;
				SWIFT_COMPILATION_MODE = wholemodule;
				VALIDATE_PRODUCT = YES;
			};
			name = Release;
		};
		1C674AC32E8FFA1D0024FD47 /* Debug */ = {
			isa = XCBuildConfiguration;
			buildSettings = {
				ASSETCATALOG_COMPILER_APPICON_NAME = AppIcon;
				ASSETCATALOG_COMPILER_GLOBAL_ACCENT_COLOR_NAME = AccentColor;
				CODE_SIGN_STYLE = Automatic;
				CURRENT_PROJECT_VERSION = 1;
				DEVELOPMENT_TEAM = SRT47ZQ7D8;
				ENABLE_PREVIEWS = YES;
				GENERATE_INFOPLIST_FILE = YES;
				INFOPLIST_KEY_UIApplicationSceneManifest_Generation = YES;
				INFOPLIST_KEY_UIApplicationSupportsIndirectInputEvents = YES;
				INFOPLIST_KEY_UILaunchScreen_Generation = YES;
				INFOPLIST_KEY_UISupportedInterfaceOrientations_iPad = "UIInterfaceOrientationPortrait UIInterfaceOrientationPortraitUpsideDown UIInterfaceOrientationLandscapeLeft UIInterfaceOrientationLandscapeRight";
				INFOPLIST_KEY_UISupportedInterfaceOrientations_iPhone = "UIInterfaceOrientationPortrait UIInterfaceOrientationLandscapeLeft UIInterfaceOrientationLandscapeRight";
				LD_RUNPATH_SEARCH_PATHS = (
					"$(inherited)",
					"@executable_path/Frameworks",
				);
				MARKETING_VERSION = 1.0;
				PRODUCT_BUNDLE_IDENTIFIER = cliftonia.Subspace;
				PRODUCT_NAME = "$(TARGET_NAME)";
				STRING_CATALOG_GENERATE_SYMBOLS = YES;
				SWIFT_APPROACHABLE_CONCURRENCY = YES;
				SWIFT_DEFAULT_ACTOR_ISOLATION = MainActor;
				SWIFT_EMIT_LOC_STRINGS = YES;
				SWIFT_UPCOMING_FEATURE_MEMBER_IMPORT_VISIBILITY = YES;
				SWIFT_VERSION = 5.0;
				TARGETED_DEVICE_FAMILY = "1,2";
			};
			name = Debug;
		};
		1C674AC42E8FFA1D0024FD47 /* Release */ = {
			isa = XCBuildConfiguration;
			buildSettings = {
				ASSETCATALOG_COMPILER_APPICON_NAME = AppIcon;
				ASSETCATALOG_COMPILER_GLOBAL_ACCENT_COLOR_NAME = AccentColor;
				CODE_SIGN_STYLE = Automatic;
				CURRENT_PROJECT_VERSION = 1;
				DEVELOPMENT_TEAM = SRT47ZQ7D8;
				ENABLE_PREVIEWS = YES;
				GENERATE_INFOPLIST_FILE = YES;
				INFOPLIST_KEY_UIApplicationSceneManifest_Generation = YES;
				INFOPLIST_KEY_UIApplicationSupportsIndirectInputEvents = YES;
				INFOPLIST_KEY_UILaunchScreen_Generation = YES;
				INFOPLIST_KEY_UISupportedInterfaceOrientations_iPad = "UIInterfaceOrientationPortrait UIInterfaceOrientationPortraitUpsideDown UIInterfaceOrientationLandscapeLeft UIInterfaceOrientationLandscapeRight";
				INFOPLIST_KEY_UISupportedInterfaceOrientations_iPhone = "UIInterfaceOrientationPortrait UIInterfaceOrientationLandscapeLeft UIInterfaceOrientationLandscapeRight";
				LD_RUNPATH_SEARCH_PATHS = (
					"$(inherited)",
					"@executable_path/Frameworks",
				);
				MARKETING_VERSION = 1.0;
				PRODUCT_BUNDLE_IDENTIFIER = cliftonia.Subspace;
				PRODUCT_NAME = "$(TARGET_NAME)";
				STRING_CATALOG_GENERATE_SYMBOLS = YES;
				SWIFT_APPROACHABLE_CONCURRENCY = YES;
				SWIFT_DEFAULT_ACTOR_ISOLATION = MainActor;
				SWIFT_EMIT_LOC_STRINGS = YES;
				SWIFT_UPCOMING_FEATURE_MEMBER_IMPORT_VISIBILITY = YES;
				SWIFT_VERSION = 5.0;
				TARGETED_DEVICE_FAMILY = "1,2";
			};
			name = Release;
		};
		1C674AC62E8FFA1D0024FD47 /* Debug */ = {
			isa = XCBuildConfiguration;
			buildSettings = {
				BUNDLE_LOADER = "$(TEST_HOST)";
				CODE_SIGN_STYLE = Automatic;
				CURRENT_PROJECT_VERSION = 1;
				DEVELOPMENT_TEAM = SRT47ZQ7D8;
				GENERATE_INFOPLIST_FILE = YES;
				IPHONEOS_DEPLOYMENT_TARGET = 26.0;
				MARKETING_VERSION = 1.0;
				PRODUCT_BUNDLE_IDENTIFIER = cliftonia.SubspaceTests;
				PRODUCT_NAME = "$(TARGET_NAME)";
				STRING_CATALOG_GENERATE_SYMBOLS = NO;
				SWIFT_APPROACHABLE_CONCURRENCY = YES;
				SWIFT_EMIT_LOC_STRINGS = NO;
				SWIFT_UPCOMING_FEATURE_MEMBER_IMPORT_VISIBILITY = YES;
				SWIFT_VERSION = 5.0;
				TARGETED_DEVICE_FAMILY = "1,2";
				TEST_HOST = "$(BUILT_PRODUCTS_DIR)/Subspace.app/$(BUNDLE_EXECUTABLE_FOLDER_PATH)/Subspace";
			};
			name = Debug;
		};
		1C674AC72E8FFA1D0024FD47 /* Release */ = {
			isa = XCBuildConfiguration;
			buildSettings = {
				BUNDLE_LOADER = "$(TEST_HOST)";
				CODE_SIGN_STYLE = Automatic;
				CURRENT_PROJECT_VERSION = 1;
				DEVELOPMENT_TEAM = SRT47ZQ7D8;
				GENERATE_INFOPLIST_FILE = YES;
				IPHONEOS_DEPLOYMENT_TARGET = 26.0;
				MARKETING_VERSION = 1.0;
				PRODUCT_BUNDLE_IDENTIFIER = cliftonia.SubspaceTests;
				PRODUCT_NAME = "$(TARGET_NAME)";
				STRING_CATALOG_GENERATE_SYMBOLS = NO;
				SWIFT_APPROACHABLE_CONCURRENCY = YES;
				SWIFT_EMIT_LOC_STRINGS = NO;
				SWIFT_UPCOMING_FEATURE_MEMBER_IMPORT_VISIBILITY = YES;
				SWIFT_VERSION = 5.0;
				TARGETED_DEVICE_FAMILY = "1,2";
				TEST_HOST = "$(BUILT_PRODUCTS_DIR)/Subspace.app/$(BUNDLE_EXECUTABLE_FOLDER_PATH)/Subspace";
			};
			name = Release;
		};
		1C674AC92E8FFA1D0024FD47 /* Debug */ = {
			isa = XCBuildConfiguration;
			buildSettings = {
				CODE_SIGN_STYLE = Automatic;
				CURRENT_PROJECT_VERSION = 1;
				DEVELOPMENT_TEAM = SRT47ZQ7D8;
				GENERATE_INFOPLIST_FILE = YES;
				MARKETING_VERSION = 1.0;
				PRODUCT_BUNDLE_IDENTIFIER = cliftonia.SubspaceUITests;
				PRODUCT_NAME = "$(TARGET_NAME)";
				STRING_CATALOG_GENERATE_SYMBOLS = NO;
				SWIFT_APPROACHABLE_CONCURRENCY = YES;
				SWIFT_EMIT_LOC_STRINGS = NO;
				SWIFT_UPCOMING_FEATURE_MEMBER_IMPORT_VISIBILITY = YES;
				SWIFT_VERSION = 5.0;
				TARGETED_DEVICE_FAMILY = "1,2";
				TEST_TARGET_NAME = Subspace;
			};
			name = Debug;
		};
		1C674ACA2E8FFA1D0024FD47 /* Release */ = {
			isa = XCBuildConfiguration;
			buildSettings = {
				CODE_SIGN_STYLE = Automatic;
				CURRENT_PROJECT_VERSION = 1;
				DEVELOPMENT_TEAM = SRT47ZQ7D8;
				GENERATE_INFOPLIST_FILE = YES;
				MARKETING_VERSION = 1.0;
				PRODUCT_BUNDLE_IDENTIFIER = cliftonia.SubspaceUITests;
				PRODUCT_NAME = "$(TARGET_NAME)";
				STRING_CATALOG_GENERATE_SYMBOLS = NO;
				SWIFT_APPROACHABLE_CONCURRENCY = YES;
				SWIFT_EMIT_LOC_STRINGS = NO;
				SWIFT_UPCOMING_FEATURE_MEMBER_IMPORT_VISIBILITY = YES;
				SWIFT_VERSION = 5.0;
				TARGETED_DEVICE_FAMILY = "1,2";
				TEST_TARGET_NAME = Subspace;
			};
			name = Release;
		};
		1CA148D12E9153A40058B874 /* Debug */ = {
			isa = XCBuildConfiguration;
			buildSettings = {
				ASSETCATALOG_COMPILER_APPICON_NAME = AppIcon;
				ASSETCATALOG_COMPILER_GLOBAL_ACCENT_COLOR_NAME = AccentColor;
				CODE_SIGN_STYLE = Automatic;
				CURRENT_PROJECT_VERSION = 1;
				DEVELOPMENT_TEAM = SRT47ZQ7D8;
				ENABLE_PREVIEWS = YES;
				GENERATE_INFOPLIST_FILE = YES;
				INFOPLIST_KEY_UIApplicationSceneManifest_Generation = YES;
				INFOPLIST_KEY_UIApplicationSupportsIndirectInputEvents = YES;
				INFOPLIST_KEY_UILaunchScreen_Generation = YES;
				INFOPLIST_KEY_UISupportedInterfaceOrientations_iPad = "UIInterfaceOrientationPortrait UIInterfaceOrientationPortraitUpsideDown UIInterfaceOrientationLandscapeLeft UIInterfaceOrientationLandscapeRight";
				INFOPLIST_KEY_UISupportedInterfaceOrientations_iPhone = "UIInterfaceOrientationPortrait UIInterfaceOrientationLandscapeLeft UIInterfaceOrientationLandscapeRight";
				LD_RUNPATH_SEARCH_PATHS = (
					"$(inherited)",
					"@executable_path/Frameworks",
				);
				MARKETING_VERSION = 1.0;
				PRODUCT_BUNDLE_IDENTIFIER = cliftonia.ComponentLibrary;
				PRODUCT_NAME = "$(TARGET_NAME)";
				STRING_CATALOG_GENERATE_SYMBOLS = YES;
				SWIFT_APPROACHABLE_CONCURRENCY = YES;
				SWIFT_DEFAULT_ACTOR_ISOLATION = MainActor;
				SWIFT_EMIT_LOC_STRINGS = YES;
				SWIFT_UPCOMING_FEATURE_MEMBER_IMPORT_VISIBILITY = YES;
				SWIFT_VERSION = 5.0;
				TARGETED_DEVICE_FAMILY = "1,2";
			};
			name = Debug;
		};
		1CA148D22E9153A40058B874 /* Release */ = {
			isa = XCBuildConfiguration;
			buildSettings = {
				ASSETCATALOG_COMPILER_APPICON_NAME = AppIcon;
				ASSETCATALOG_COMPILER_GLOBAL_ACCENT_COLOR_NAME = AccentColor;
				CODE_SIGN_STYLE = Automatic;
				CURRENT_PROJECT_VERSION = 1;
				DEVELOPMENT_TEAM = SRT47ZQ7D8;
				ENABLE_PREVIEWS = YES;
				GENERATE_INFOPLIST_FILE = YES;
				INFOPLIST_KEY_UIApplicationSceneManifest_Generation = YES;
				INFOPLIST_KEY_UIApplicationSupportsIndirectInputEvents = YES;
				INFOPLIST_KEY_UILaunchScreen_Generation = YES;
				INFOPLIST_KEY_UISupportedInterfaceOrientations_iPad = "UIInterfaceOrientationPortrait UIInterfaceOrientationPortraitUpsideDown UIInterfaceOrientationLandscapeLeft UIInterfaceOrientationLandscapeRight";
				INFOPLIST_KEY_UISupportedInterfaceOrientations_iPhone = "UIInterfaceOrientationPortrait UIInterfaceOrientationLandscapeLeft UIInterfaceOrientationLandscapeRight";
				LD_RUNPATH_SEARCH_PATHS = (
					"$(inherited)",
					"@executable_path/Frameworks",
				);
				MARKETING_VERSION = 1.0;
				PRODUCT_BUNDLE_IDENTIFIER = cliftonia.ComponentLibrary;
				PRODUCT_NAME = "$(TARGET_NAME)";
				STRING_CATALOG_GENERATE_SYMBOLS = YES;
				SWIFT_APPROACHABLE_CONCURRENCY = YES;
				SWIFT_DEFAULT_ACTOR_ISOLATION = MainActor;
				SWIFT_EMIT_LOC_STRINGS = YES;
				SWIFT_UPCOMING_FEATURE_MEMBER_IMPORT_VISIBILITY = YES;
				SWIFT_VERSION = 5.0;
				TARGETED_DEVICE_FAMILY = "1,2";
			};
			name = Release;
		};
		1CA148D42E9153A40058B874 /* Debug */ = {
			isa = XCBuildConfiguration;
			buildSettings = {
				BUNDLE_LOADER = "$(TEST_HOST)";
				CODE_SIGN_STYLE = Automatic;
				CURRENT_PROJECT_VERSION = 1;
				DEVELOPMENT_TEAM = SRT47ZQ7D8;
				GENERATE_INFOPLIST_FILE = YES;
				IPHONEOS_DEPLOYMENT_TARGET = 26.0;
				MARKETING_VERSION = 1.0;
				PRODUCT_BUNDLE_IDENTIFIER = cliftonia.ComponentLibraryTests;
				PRODUCT_NAME = "$(TARGET_NAME)";
				STRING_CATALOG_GENERATE_SYMBOLS = NO;
				SWIFT_APPROACHABLE_CONCURRENCY = YES;
				SWIFT_EMIT_LOC_STRINGS = NO;
				SWIFT_UPCOMING_FEATURE_MEMBER_IMPORT_VISIBILITY = YES;
				SWIFT_VERSION = 5.0;
				TARGETED_DEVICE_FAMILY = "1,2";
				TEST_HOST = "$(BUILT_PRODUCTS_DIR)/ComponentLibrary.app/$(BUNDLE_EXECUTABLE_FOLDER_PATH)/ComponentLibrary";
			};
			name = Debug;
		};
		1CA148D52E9153A40058B874 /* Release */ = {
			isa = XCBuildConfiguration;
			buildSettings = {
				BUNDLE_LOADER = "$(TEST_HOST)";
				CODE_SIGN_STYLE = Automatic;
				CURRENT_PROJECT_VERSION = 1;
				DEVELOPMENT_TEAM = SRT47ZQ7D8;
				GENERATE_INFOPLIST_FILE = YES;
				IPHONEOS_DEPLOYMENT_TARGET = 26.0;
				MARKETING_VERSION = 1.0;
				PRODUCT_BUNDLE_IDENTIFIER = cliftonia.ComponentLibraryTests;
				PRODUCT_NAME = "$(TARGET_NAME)";
				STRING_CATALOG_GENERATE_SYMBOLS = NO;
				SWIFT_APPROACHABLE_CONCURRENCY = YES;
				SWIFT_EMIT_LOC_STRINGS = NO;
				SWIFT_UPCOMING_FEATURE_MEMBER_IMPORT_VISIBILITY = YES;
				SWIFT_VERSION = 5.0;
				TARGETED_DEVICE_FAMILY = "1,2";
				TEST_HOST = "$(BUILT_PRODUCTS_DIR)/ComponentLibrary.app/$(BUNDLE_EXECUTABLE_FOLDER_PATH)/ComponentLibrary";
			};
			name = Release;
		};
		1CA148D72E9153A40058B874 /* Debug */ = {
			isa = XCBuildConfiguration;
			buildSettings = {
				CODE_SIGN_STYLE = Automatic;
				CURRENT_PROJECT_VERSION = 1;
				DEVELOPMENT_TEAM = SRT47ZQ7D8;
				GENERATE_INFOPLIST_FILE = YES;
				MARKETING_VERSION = 1.0;
				PRODUCT_BUNDLE_IDENTIFIER = cliftonia.ComponentLibraryUITests;
				PRODUCT_NAME = "$(TARGET_NAME)";
				STRING_CATALOG_GENERATE_SYMBOLS = NO;
				SWIFT_APPROACHABLE_CONCURRENCY = YES;
				SWIFT_EMIT_LOC_STRINGS = NO;
				SWIFT_UPCOMING_FEATURE_MEMBER_IMPORT_VISIBILITY = YES;
				SWIFT_VERSION = 5.0;
				TARGETED_DEVICE_FAMILY = "1,2";
				TEST_TARGET_NAME = ComponentLibrary;
			};
			name = Debug;
		};
		1CA148D82E9153A40058B874 /* Release */ = {
			isa = XCBuildConfiguration;
			buildSettings = {
				CODE_SIGN_STYLE = Automatic;
				CURRENT_PROJECT_VERSION = 1;
				DEVELOPMENT_TEAM = SRT47ZQ7D8;
				GENERATE_INFOPLIST_FILE = YES;
				MARKETING_VERSION = 1.0;
				PRODUCT_BUNDLE_IDENTIFIER = cliftonia.ComponentLibraryUITests;
				PRODUCT_NAME = "$(TARGET_NAME)";
				STRING_CATALOG_GENERATE_SYMBOLS = NO;
				SWIFT_APPROACHABLE_CONCURRENCY = YES;
				SWIFT_EMIT_LOC_STRINGS = NO;
				SWIFT_UPCOMING_FEATURE_MEMBER_IMPORT_VISIBILITY = YES;
				SWIFT_VERSION = 5.0;
				TARGETED_DEVICE_FAMILY = "1,2";
				TEST_TARGET_NAME = ComponentLibrary;
			};
			name = Release;
		};
/* End XCBuildConfiguration section */

/* Begin XCConfigurationList section */
		1C674A9C2E8FFA1B0024FD47 /* Build configuration list for PBXProject "Subspace" */ = {
			isa = XCConfigurationList;
			buildConfigurations = (
				1C674AC02E8FFA1D0024FD47 /* Debug */,
				1C674AC12E8FFA1D0024FD47 /* Release */,
			);
			defaultConfigurationIsVisible = 0;
			defaultConfigurationName = Release;
		};
		1C674AC22E8FFA1D0024FD47 /* Build configuration list for PBXNativeTarget "Subspace" */ = {
			isa = XCConfigurationList;
			buildConfigurations = (
				1C674AC32E8FFA1D0024FD47 /* Debug */,
				1C674AC42E8FFA1D0024FD47 /* Release */,
			);
			defaultConfigurationIsVisible = 0;
			defaultConfigurationName = Release;
		};
		1C674AC52E8FFA1D0024FD47 /* Build configuration list for PBXNativeTarget "SubspaceTests" */ = {
			isa = XCConfigurationList;
			buildConfigurations = (
				1C674AC62E8FFA1D0024FD47 /* Debug */,
				1C674AC72E8FFA1D0024FD47 /* Release */,
			);
			defaultConfigurationIsVisible = 0;
			defaultConfigurationName = Release;
		};
		1C674AC82E8FFA1D0024FD47 /* Build configuration list for PBXNativeTarget "SubspaceUITests" */ = {
			isa = XCConfigurationList;
			buildConfigurations = (
				1C674AC92E8FFA1D0024FD47 /* Debug */,
				1C674ACA2E8FFA1D0024FD47 /* Release */,
			);
			defaultConfigurationIsVisible = 0;
			defaultConfigurationName = Release;
		};
		1CA148D02E9153A40058B874 /* Build configuration list for PBXNativeTarget "ComponentLibrary" */ = {
			isa = XCConfigurationList;
			buildConfigurations = (
				1CA148D12E9153A40058B874 /* Debug */,
				1CA148D22E9153A40058B874 /* Release */,
			);
			defaultConfigurationIsVisible = 0;
			defaultConfigurationName = Release;
		};
		1CA148D32E9153A40058B874 /* Build configuration list for PBXNativeTarget "ComponentLibraryTests" */ = {
			isa = XCConfigurationList;
			buildConfigurations = (
				1CA148D42E9153A40058B874 /* Debug */,
				1CA148D52E9153A40058B874 /* Release */,
			);
			defaultConfigurationIsVisible = 0;
			defaultConfigurationName = Release;
		};
		1CA148D62E9153A40058B874 /* Build configuration list for PBXNativeTarget "ComponentLibraryUITests" */ = {
			isa = XCConfigurationList;
			buildConfigurations = (
				1CA148D72E9153A40058B874 /* Debug */,
				1CA148D82E9153A40058B874 /* Release */,
			);
			defaultConfigurationIsVisible = 0;
			defaultConfigurationName = Release;
		};
/* End XCConfigurationList section */

/* Begin XCLocalSwiftPackageReference section */
		1CA149082E915CE60058B874 /* XCLocalSwiftPackageReference "LCARSComponents" */ = {
			isa = XCLocalSwiftPackageReference;
			relativePath = LCARSComponents;
		};
/* End XCLocalSwiftPackageReference section */

/* Begin XCSwiftPackageProductDependency section */
		1CA1490C2E915DDE0058B874 /* LCARSComponents */ = {
			isa = XCSwiftPackageProductDependency;
			package = 1CA149082E915CE60058B874 /* XCLocalSwiftPackageReference "LCARSComponents" */;
			productName = LCARSComponents;
		};
/* End XCSwiftPackageProductDependency section */
	};
	rootObject = 1C674A992E8FFA1B0024FD47 /* Project object */;
}
